
Microsoft Visual Studio Solution File, Format Version 12.00
# Visual Studio Version 17
VisualStudioVersion = 17.14.36705.20 d17.14
MinimumVisualStudioVersion = 10.0.40219.1
Project("{FAE04EC0-301F-11D3-BF4B-00C04F79EFBC}") = "Musikschule.Tests", "Musikschule.Tests.csproj", "{92D08EAE-9CF9-80D9-15D3-9D3F08B81E9D}"
EndProject
Global
	GlobalSection(SolutionConfigurationPlatforms) = preSolution
		Debug|Any CPU = Debug|Any CPU
		Release|Any CPU = Release|Any CPU
	EndGlobalSection
	GlobalSection(ProjectConfigurationPlatforms) = postSolution
		{92D08EAE-9CF9-80D9-15D3-9D3F08B81E9D}.Debug|Any CPU.ActiveCfg = Debug|Any CPU
		{92D08EAE-9CF9-80D9-15D3-9D3F08B81E9D}.Debug|Any CPU.Build.0 = Debug|Any CPU
		{92D08EAE-9CF9-80D9-15D3-9D3F08B81E9D}.Release|Any CPU.ActiveCfg = Release|Any CPU
		{92D08EAE-9CF9-80D9-15D3-9D3F08B81E9D}.Release|Any CPU.Build.0 = Release|Any CPU
	EndGlobalSection
	GlobalSection(SolutionProperties) = preSolution
		HideSolutionNode = FALSE
	EndGlobalSection
	GlobalSection(ExtensibilityGlobals) = postSolution
		SolutionGuid = {B9C1BB45-F84F-4CAE-8A2C-463748292BD1}
	EndGlobalSection
EndGlobal
